
Microsoft Visual Studio Solution File, Format Version 12.00
# Visual Studio Version 17
VisualStudioVersion = 17.8.34408.163
MinimumVisualStudioVersion = 10.0.40219.1
Project("{9A19103F-16F7-4668-BE54-9A1E7A4F7556}") = "BlazorWebViewerServer", "BlazorWebViewerServer.csproj", "{C1B4E8E3-62B2-4EE4-BB1E-C90888D26FD0}"
EndProject
Global
	GlobalSection(SolutionConfigurationPlatforms) = preSolution
		Debug|Any CPU = Debug|Any CPU
		Release|Any CPU = Release|Any CPU
	EndGlobalSection
	GlobalSection(ProjectConfigurationPlatforms) = postSolution
		{C1B4E8E3-62B2-4EE4-BB1E-C90888D26FD0}.Debug|Any CPU.ActiveCfg = Debug|Any CPU
		{C1B4E8E3-62B2-4EE4-BB1E-C90888D26FD0}.Debug|Any CPU.Build.0 = Debug|Any CPU
		{C1B4E8E3-62B2-4EE4-BB1E-C90888D26FD0}.Release|Any CPU.ActiveCfg = Release|Any CPU
		{C1B4E8E3-62B2-4EE4-BB1E-C90888D26FD0}.Release|Any CPU.Build.0 = Release|Any CPU
	EndGlobalSection
	GlobalSection(SolutionProperties) = preSolution
		HideSolutionNode = FALSE
	EndGlobalSection
	GlobalSection(ExtensibilityGlobals) = postSolution
		SolutionGuid = {CC8D01B2-94A8-47CB-A35C-50F6A6620529}
	EndGlobalSection
EndGlobal
